{
  "pins" : [
    {
      "identity" : "composablerequest",
      "kind" : "remoteSourceControl",
      "location" : "https://github.com/sbertix/ComposableRequest",
      "state" : {
        "revision" : "151026359f4a2c89dcd06f6880eb4a940dcbb7bc",
        "version" : "7.0.0"
      }
    },
    {
      "identity" : "keychainaccess",
      "kind" : "remoteSourceControl",
      "location" : "https://github.com/kishikawakatsumi/KeychainAccess",
      "state" : {
        "revision" : "84e546727d66f1adc5439debad16270d0fdd04e7",
        "version" : "4.2.2"
      }
    }
  ],
  "version" : 2
}
